name: Update flake.lock

on:
  schedule:
    - cron: '0 6 * * 1'  # Every Monday at 06:00 UTC
  workflow_dispatch:

jobs:
  update:
    runs-on: macos-latest
    steps:
      - uses: actions/checkout@v4
      - uses: DeterminateSystems/nix-installer-action@main
      - uses: DeterminateSystems/update-flake-lock@main
        with:
          pr-title: "chore(flake): update inputs"
          pr-labels: dependencies
